// !$*UTF8*$!
{
	archiveVersion = 1;
	classes = {
	};
	objectVersion = 56;
	objects = {

/* Begin PBXBuildFile section */
		016AC3A92C8BD18B00F42416 /* fitnesstrackerApp.swift in Sources */ = {isa = PBXBuildFile; fileRef = 016AC3A82C8BD18B00F42416 /* fitnesstrackerApp.swift */; };
		016AC3AB2C8BD18B00F42416 /* ContentView.swift in Sources */ = {isa = PBXBuildFile; fileRef = 016AC3AA2C8BD18B00F42416 /* ContentView.swift */; };
		016AC3AD2C8BD19000F42416 /* Assets.xcassets in Resources */ = {isa = PBXBuildFile; fileRef = 016AC3AC2C8BD19000F42416 /* Assets.xcassets */; };
		016AC3B02C8BD19000F42416 /* Preview Assets.xcassets in Resources */ = {isa = PBXBuildFile; fileRef = 016AC3AF2C8BD19000F42416 /* Preview Assets.xcassets */; };
		016AC3BA2C8BD19000F42416 /* fitnesstrackerTests.swift in Sources */ = {isa = PBXBuildFile; fileRef = 016AC3B92C8BD19000F42416 /* fitnesstrackerTests.swift */; };
		016AC3C42C8BD19000F42416 /* fitnesstrackerUITests.swift in Sources */ = {isa = PBXBuildFile; fileRef = 016AC3C32C8BD19000F42416 /* fitnesstrackerUITests.swift */; };
		016AC3C62C8BD19100F42416 /* fitnesstrackerUITestsLaunchTests.swift in Sources */ = {isa = PBXBuildFile; fileRef = 016AC3C52C8BD19100F42416 /* fitnesstrackerUITestsLaunchTests.swift */; };
/* End PBXBuildFile section */

/* Begin PBXContainerItemProxy section */
		016AC3B62C8BD19000F42416 /* PBXContainerItemProxy */ = {
			isa = PBXContainerItemProxy;
			containerPortal = 016AC39D2C8BD18B00F42416 /* Project object */;
			proxyType = 1;
			remoteGlobalIDString = 016AC3A42C8BD18B00F42416;
			remoteInfo = fitnesstracker;
		};
		016AC3C02C8BD19000F42416 /* PBXContainerItemProxy */ = {
			isa = PBXContainerItemProxy;
			containerPortal = 016AC39D2C8BD18B00F42416 /* Project object */;
			proxyType = 1;
			remoteGlobalIDString = 016AC3A42C8BD18B00F42416;
			remoteInfo = fitnesstracker;
		};
/* End PBXContainerItemProxy section */

/* Begin PBXFileReference section */
		016AC3A52C8BD18B00F42416 /* fitnesstracker.app */ = {isa = PBXFileReference; explicitFileType = wrapper.application; includeInIndex = 0; path = fitnesstracker.app; sourceTree = BUILT_PRODUCTS_DIR; };
		016AC3A82C8BD18B00F42416 /* fitnesstrackerApp.swift */ = {isa = PBXFileReference; lastKnownFileType = sourcecode.swift; path = fitnesstrackerApp.swift; sourceTree = "<group>"; };
		016AC3AA2C8BD18B00F42416 /* ContentView.swift */ = {isa = PBXFileReference; lastKnownFileType = sourcecode.swift; path = ContentView.swift; sourceTree = "<group>"; };
		016AC3AC2C8BD19000F42416 /* Assets.xcassets */ = {isa = PBXFileReference; lastKnownFileType = folder.assetcatalog; path = Assets.xcassets; sourceTree = "<group>"; };
		016AC3AF2C8BD19000F42416 /* Preview Assets.xcassets */ = {isa = PBXFileReference; lastKnownFileType = folder.assetcatalog; path = "Preview Assets.xcassets"; sourceTree = "<group>"; };
		016AC3B52C8BD19000F42416 /* fitnesstrackerTests.xctest */ = {isa = PBXFileReference; explicitFileType = wrapper.cfbundle; includeInIndex = 0; path = fitnesstrackerTests.xctest; sourceTree = BUILT_PRODUCTS_DIR; };
		016AC3B92C8BD19000F42416 /* fitnesstrackerTests.swift */ = {isa = PBXFileReference; lastKnownFileType = sourcecode.swift; path = fitnesstrackerTests.swift; sourceTree = "<group>"; };
		016AC3BF2C8BD19000F42416 /* fitnesstrackerUITests.xctest */ = {isa = PBXFileReference; explicitFileType = wrapper.cfbundle; includeInIndex = 0; path = fitnesstrackerUITests.xctest; sourceTree = BUILT_PRODUCTS_DIR; };
		016AC3C32C8BD19000F42416 /* fitnesstrackerUITests.swift */ = {isa = PBXFileReference; lastKnownFileType = sourcecode.swift; path = fitnesstrackerUITests.swift; sourceTree = "<group>"; };
		016AC3C52C8BD19100F42416 /* fitnesstrackerUITestsLaunchTests.swift */ = {isa = PBXFileReference; lastKnownFileType = sourcecode.swift; path = fitnesstrackerUITestsLaunchTests.swift; sourceTree = "<group>"; };
/* End PBXFileReference section */

/* Begin PBXFrameworksBuildPhase section */
		016AC3A22C8BD18B00F42416 /* Frameworks */ = {
			isa = PBXFrameworksBuildPhase;
			buildActionMask = 2147483647;
			files = (
			);
			runOnlyForDeploymentPostprocessing = 0;
		};
		016AC3B22C8BD19000F42416 /* Frameworks */ = {
			isa = PBXFrameworksBuildPhase;
			buildActionMask = 2147483647;
			files = (
			);
			runOnlyForDeploymentPostprocessing = 0;
		};
		016AC3BC2C8BD19000F42416 /* Frameworks */ = {
			isa = PBXFrameworksBuildPhase;
			buildActionMask = 2147483647;
			files = (
			);
			runOnlyForDeploymentPostprocessing = 0;
		};
/* End PBXFrameworksBuildPhase section */

/* Begin PBXGroup section */
		016AC39C2C8BD18B00F42416 = {
			isa = PBXGroup;
			children = (
				016AC3A72C8BD18B00F42416 /* fitnesstracker */,
				016AC3B82C8BD19000F42416 /* fitnesstrackerTests */,
				016AC3C22C8BD19000F42416 /* fitnesstrackerUITests */,
				016AC3A62C8BD18B00F42416 /* Products */,
			);
			sourceTree = "<group>";
		};
		016AC3A62C8BD18B00F42416 /* Products */ = {
			isa = PBXGroup;
			children = (
				016AC3A52C8BD18B00F42416 /* fitnesstracker.app */,
				016AC3B52C8BD19000F42416 /* fitnesstrackerTests.xctest */,
				016AC3BF2C8BD19000F42416 /* fitnesstrackerUITests.xctest */,
			);
			name = Products;
			sourceTree = "<group>";
		};
		016AC3A72C8BD18B00F42416 /* fitnesstracker */ = {
			isa = PBXGroup;
			children = (
				016AC3A82C8BD18B00F42416 /* fitnesstrackerApp.swift */,
				016AC3AA2C8BD18B00F42416 /* ContentView.swift */,
				016AC3AC2C8BD19000F42416 /* Assets.xcassets */,
				016AC3AE2C8BD19000F42416 /* Preview Content */,
			);
			path = fitnesstracker;
			sourceTree = "<group>";
		};
		016AC3AE2C8BD19000F42416 /* Preview Content */ = {
			isa = PBXGroup;
			children = (
				016AC3AF2C8BD19000F42416 /* Preview Assets.xcassets */,
			);
			path = "Preview Content";
			sourceTree = "<group>";
		};
		016AC3B82C8BD19000F42416 /* fitnesstrackerTests */ = {
			isa = PBXGroup;
			children = (
				016AC3B92C8BD19000F42416 /* fitnesstrackerTests.swift */,
			);
			path = fitnesstrackerTests;
			sourceTree = "<group>";
		};
		016AC3C22C8BD19000F42416 /* fitnesstrackerUITests */ = {
			isa = PBXGroup;
			children = (
				016AC3C32C8BD19000F42416 /* fitnesstrackerUITests.swift */,
				016AC3C52C8BD19100F42416 /* fitnesstrackerUITestsLaunchTests.swift */,
			);
			path = fitnesstrackerUITests;
			sourceTree = "<group>";
		};
/* End PBXGroup section */

/* Begin PBXNativeTarget section */
		016AC3A42C8BD18B00F42416 /* fitnesstracker */ = {
			isa = PBXNativeTarget;
			buildConfigurationList = 016AC3C92C8BD19100F42416 /* Build configuration list for PBXNativeTarget "fitnesstracker" */;
			buildPhases = (
				016AC3A12C8BD18B00F42416 /* Sources */,
				016AC3A22C8BD18B00F42416 /* Frameworks */,
				016AC3A32C8BD18B00F42416 /* Resources */,
			);
			buildRules = (
			);
			dependencies = (
			);
			name = fitnesstracker;
			productName = fitnesstracker;
			productReference = 016AC3A52C8BD18B00F42416 /* fitnesstracker.app */;
			productType = "com.apple.product-type.application";
		};
		016AC3B42C8BD19000F42416 /* fitnesstrackerTests */ = {
			isa = PBXNativeTarget;
			buildConfigurationList = 016AC3CC2C8BD19100F42416 /* Build configuration list for PBXNativeTarget "fitnesstrackerTests" */;
			buildPhases = (
				016AC3B12C8BD19000F42416 /* Sources */,
				016AC3B22C8BD19000F42416 /* Frameworks */,
				016AC3B32C8BD19000F42416 /* Resources */,
			);
			buildRules = (
			);
			dependencies = (
				016AC3B72C8BD19000F42416 /* PBXTargetDependency */,
			);
			name = fitnesstrackerTests;
			productName = fitnesstrackerTests;
			productReference = 016AC3B52C8BD19000F42416 /* fitnesstrackerTests.xctest */;
			productType = "com.apple.product-type.bundle.unit-test";
		};
		016AC3BE2C8BD19000F42416 /* fitnesstrackerUITests */ = {
			isa = PBXNativeTarget;
			buildConfigurationList = 016AC3CF2C8BD19100F42416 /* Build configuration list for PBXNativeTarget "fitnesstrackerUITests" */;
			buildPhases = (
				016AC3BB2C8BD19000F42416 /* Sources */,
				016AC3BC2C8BD19000F42416 /* Frameworks */,
				016AC3BD2C8BD19000F42416 /* Resources */,
			);
			buildRules = (
			);
			dependencies = (
				016AC3C12C8BD19000F42416 /* PBXTargetDependency */,
			);
			name = fitnesstrackerUITests;
			productName = fitnesstrackerUITests;
			productReference = 016AC3BF2C8BD19000F42416 /* fitnesstrackerUITests.xctest */;
			productType = "com.apple.product-type.bundle.ui-testing";
		};
/* End PBXNativeTarget section */

/* Begin PBXProject section */
		016AC39D2C8BD18B00F42416 /* Project object */ = {
			isa = PBXProject;
			attributes = {
				BuildIndependentTargetsInParallel = 1;
				LastSwiftUpdateCheck = 1540;
				LastUpgradeCheck = 1540;
				TargetAttributes = {
					016AC3A42C8BD18B00F42416 = {
						CreatedOnToolsVersion = 15.4;
					};
					016AC3B42C8BD19000F42416 = {
						CreatedOnToolsVersion = 15.4;
						TestTargetID = 016AC3A42C8BD18B00F42416;
					};
					016AC3BE2C8BD19000F42416 = {
						CreatedOnToolsVersion = 15.4;
						TestTargetID = 016AC3A42C8BD18B00F42416;
					};
				};
			};
			buildConfigurationList = 016AC3A02C8BD18B00F42416 /* Build configuration list for PBXProject "fitnesstracker" */;
			compatibilityVersion = "Xcode 14.0";
			developmentRegion = en;
			hasScannedForEncodings = 0;
			knownRegions = (
				en,
				Base,
			);
			mainGroup = 016AC39C2C8BD18B00F42416;
			productRefGroup = 016AC3A62C8BD18B00F42416 /* Products */;
			projectDirPath = "";
			projectRoot = "";
			targets = (
				016AC3A42C8BD18B00F42416 /* fitnesstracker */,
				016AC3B42C8BD19000F42416 /* fitnesstrackerTests */,
				016AC3BE2C8BD19000F42416 /* fitnesstrackerUITests */,
			);
		};
/* End PBXProject section */

/* Begin PBXResourcesBuildPhase section */
		016AC3A32C8BD18B00F42416 /* Resources */ = {
			isa = PBXResourcesBuildPhase;
			buildActionMask = 2147483647;
			files = (
				016AC3B02C8BD19000F42416 /* Preview Assets.xcassets in Resources */,
				016AC3AD2C8BD19000F42416 /* Assets.xcassets in Resources */,
			);
			runOnlyForDeploymentPostprocessing = 0;
		};
		016AC3B32C8BD19000F42416 /* Resources */ = {
			isa = PBXResourcesBuildPhase;
			buildActionMask = 2147483647;
			files = (
			);
			runOnlyForDeploymentPostprocessing = 0;
		};
		016AC3BD2C8BD19000F42416 /* Resources */ = {
			isa = PBXResourcesBuildPhase;
			buildActionMask = 2147483647;
			files = (
			);
			runOnlyForDeploymentPostprocessing = 0;
		};
/* End PBXResourcesBuildPhase section */

/* Begin PBXSourcesBuildPhase section */
		016AC3A12C8BD18B00F42416 /* Sources */ = {
			isa = PBXSourcesBuildPhase;
			buildActionMask = 2147483647;
			files = (
				016AC3AB2C8BD18B00F42416 /* ContentView.swift in Sources */,
				016AC3A92C8BD18B00F42416 /* fitnesstrackerApp.swift in Sources */,
			);
			runOnlyForDeploymentPostprocessing = 0;
		};
		016AC3B12C8BD19000F42416 /* Sources */ = {
			isa = PBXSourcesBuildPhase;
			buildActionMask = 2147483647;
			files = (
				016AC3BA2C8BD19000F42416 /* fitnesstrackerTests.swift in Sources */,
			);
			runOnlyForDeploymentPostprocessing = 0;
		};
		016AC3BB2C8BD19000F42416 /* Sources */ = {
			isa = PBXSourcesBuildPhase;
			buildActionMask = 2147483647;
			files = (
				016AC3C62C8BD19100F42416 /* fitnesstrackerUITestsLaunchTests.swift in Sources */,
				016AC3C42C8BD19000F42416 /* fitnesstrackerUITests.swift in Sources */,
			);
			runOnlyForDeploymentPostprocessing = 0;
		};
/* End PBXSourcesBuildPhase section */

/* Begin PBXTargetDependency section */
		016AC3B72C8BD19000F42416 /* PBXTargetDependency */ = {
			isa = PBXTargetDependency;
			target = 016AC3A42C8BD18B00F42416 /* fitnesstracker */;
			targetProxy = 016AC3B62C8BD19000F42416 /* PBXContainerItemProxy */;
		};
		016AC3C12C8BD19000F42416 /* PBXTargetDependency */ = {
			isa = PBXTargetDependency;
			target = 016AC3A42C8BD18B00F42416 /* fitnesstracker */;
			targetProxy = 016AC3C02C8BD19000F42416 /* PBXContainerItemProxy */;
		};
/* End PBXTargetDependency section */

/* Begin XCBuildConfiguration section */
		016AC3C72C8BD19100F42416 /* Debug */ = {
			isa = XCBuildConfiguration;
			buildSettings = {
				ALWAYS_SEARCH_USER_PATHS = NO;
				ASSETCATALOG_COMPILER_GENERATE_SWIFT_ASSET_SYMBOL_EXTENSIONS = YES;
				CLANG_ANALYZER_NONNULL = YES;
				CLANG_ANALYZER_NUMBER_OBJECT_CONVERSION = YES_AGGRESSIVE;
				CLANG_CXX_LANGUAGE_STANDARD = "gnu++20";
				CLANG_ENABLE_MODULES = YES;
				CLANG_ENABLE_OBJC_ARC = YES;
				CLANG_ENABLE_OBJC_WEAK = YES;
				CLANG_WARN_BLOCK_CAPTURE_AUTORELEASING = YES;
				CLANG_WARN_BOOL_CONVERSION = YES;
				CLANG_WARN_COMMA = YES;
				CLANG_WARN_CONSTANT_CONVERSION = YES;
				CLANG_WARN_DEPRECATED_OBJC_IMPLEMENTATIONS = YES;
				CLANG_WARN_DIRECT_OBJC_ISA_USAGE = YES_ERROR;
				CLANG_WARN_DOCUMENTATION_COMMENTS = YES;
				CLANG_WARN_EMPTY_BODY = YES;
				CLANG_WARN_ENUM_CONVERSION = YES;
				CLANG_WARN_INFINITE_RECURSION = YES;
				CLANG_WARN_INT_CONVERSION = YES;
				CLANG_WARN_NON_LITERAL_NULL_CONVERSION = YES;
				CLANG_WARN_OBJC_IMPLICIT_RETAIN_SELF = YES;
				CLANG_WARN_OBJC_LITERAL_CONVERSION = YES;
				CLANG_WARN_OBJC_ROOT_CLASS = YES_ERROR;
				CLANG_WARN_QUOTED_INCLUDE_IN_FRAMEWORK_HEADER = YES;
				CLANG_WARN_RANGE_LOOP_ANALYSIS = YES;
				CLANG_WARN_STRICT_PROTOTYPES = YES;
				CLANG_WARN_SUSPICIOUS_MOVE = YES;
				CLANG_WARN_UNGUARDED_AVAILABILITY = YES_AGGRESSIVE;
				CLANG_WARN_UNREACHABLE_CODE = YES;
				CLANG_WARN__DUPLICATE_METHOD_MATCH = YES;
				COPY_PHASE_STRIP = NO;
				DEBUG_INFORMATION_FORMAT = dwarf;
				ENABLE_STRICT_OBJC_MSGSEND = YES;
				ENABLE_TESTABILITY = YES;
				ENABLE_USER_SCRIPT_SANDBOXING = YES;
				GCC_C_LANGUAGE_STANDARD = gnu17;
				GCC_DYNAMIC_NO_PIC = NO;
				GCC_NO_COMMON_BLOCKS = YES;
				GCC_OPTIMIZATION_LEVEL = 0;
				GCC_PREPROCESSOR_DEFINITIONS = (
					"DEBUG=1",
					"$(inherited)",
				);
				GCC_WARN_64_TO_32_BIT_CONVERSION = YES;
				GCC_WARN_ABOUT_RETURN_TYPE = YES_ERROR;
				GCC_WARN_UNDECLARED_SELECTOR = YES;
				GCC_WARN_UNINITIALIZED_AUTOS = YES_AGGRESSIVE;
				GCC_WARN_UNUSED_FUNCTION = YES;
				GCC_WARN_UNUSED_VARIABLE = YES;
				IPHONEOS_DEPLOYMENT_TARGET = 17.5;
				LOCALIZATION_PREFERS_STRING_CATALOGS = YES;
				MTL_ENABLE_DEBUG_INFO = INCLUDE_SOURCE;
				MTL_FAST_MATH = YES;
				ONLY_ACTIVE_ARCH = YES;
				SDKROOT = iphoneos;
				SWIFT_ACTIVE_COMPILATION_CONDITIONS = "DEBUG $(inherited)";
				SWIFT_OPTIMIZATION_LEVEL = "-Onone";
			};
			name = Debug;
		};
		016AC3C82C8BD19100F42416 /* Release */ = {
			isa = XCBuildConfiguration;
			buildSettings = {
				ALWAYS_SEARCH_USER_PATHS = NO;
				ASSETCATALOG_COMPILER_GENERATE_SWIFT_ASSET_SYMBOL_EXTENSIONS = YES;
				CLANG_ANALYZER_NONNULL = YES;
				CLANG_ANALYZER_NUMBER_OBJECT_CONVERSION = YES_AGGRESSIVE;
				CLANG_CXX_LANGUAGE_STANDARD = "gnu++20";
				CLANG_ENABLE_MODULES = YES;
				CLANG_ENABLE_OBJC_ARC = YES;
				CLANG_ENABLE_OBJC_WEAK = YES;
				CLANG_WARN_BLOCK_CAPTURE_AUTORELEASING = YES;
				CLANG_WARN_BOOL_CONVERSION = YES;
				CLANG_WARN_COMMA = YES;
				CLANG_WARN_CONSTANT_CONVERSION = YES;
				CLANG_WARN_DEPRECATED_OBJC_IMPLEMENTATIONS = YES;
				CLANG_WARN_DIRECT_OBJC_ISA_USAGE = YES_ERROR;
				CLANG_WARN_DOCUMENTATION_COMMENTS = YES;
				CLANG_WARN_EMPTY_BODY = YES;
				CLANG_WARN_ENUM_CONVERSION = YES;
				CLANG_WARN_INFINITE_RECURSION = YES;
				CLANG_WARN_INT_CONVERSION = YES;
				CLANG_WARN_NON_LITERAL_NULL_CONVERSION = YES;
				CLANG_WARN_OBJC_IMPLICIT_RETAIN_SELF = YES;
				CLANG_WARN_OBJC_LITERAL_CONVERSION = YES;
				CLANG_WARN_OBJC_ROOT_CLASS = YES_ERROR;
				CLANG_WARN_QUOTED_INCLUDE_IN_FRAMEWORK_HEADER = YES;
				CLANG_WARN_RANGE_LOOP_ANALYSIS = YES;
				CLANG_WARN_STRICT_PROTOTYPES = YES;
				CLANG_WARN_SUSPICIOUS_MOVE = YES;
				CLANG_WARN_UNGUARDED_AVAILABILITY = YES_AGGRESSIVE;
				CLANG_WARN_UNREACHABLE_CODE = YES;
				CLANG_WARN__DUPLICATE_METHOD_MATCH = YES;
				COPY_PHASE_STRIP = NO;
				DEBUG_INFORMATION_FORMAT = "dwarf-with-dsym";
				ENABLE_NS_ASSERTIONS = NO;
				ENABLE_STRICT_OBJC_MSGSEND = YES;
				ENABLE_USER_SCRIPT_SANDBOXING = YES;
				GCC_C_LANGUAGE_STANDARD = gnu17;
				GCC_NO_COMMON_BLOCKS = YES;
				GCC_WARN_64_TO_32_BIT_CONVERSION = YES;
				GCC_WARN_ABOUT_RETURN_TYPE = YES_ERROR;
				GCC_WARN_UNDECLARED_SELECTOR = YES;
				GCC_WARN_UNINITIALIZED_AUTOS = YES_AGGRESSIVE;
				GCC_WARN_UNUSED_FUNCTION = YES;
				GCC_WARN_UNUSED_VARIABLE = YES;
				IPHONEOS_DEPLOYMENT_TARGET = 17.5;
				LOCALIZATION_PREFERS_STRING_CATALOGS = YES;
				MTL_ENABLE_DEBUG_INFO = NO;
				MTL_FAST_MATH = YES;
				SDKROOT = iphoneos;
				SWIFT_COMPILATION_MODE = wholemodule;
				VALIDATE_PRODUCT = YES;
			};
			name = Release;
		};
		016AC3CA2C8BD19100F42416 /* Debug */ = {
			isa = XCBuildConfiguration;
			buildSettings = {
				ASSETCATALOG_COMPILER_APPICON_NAME = AppIcon;
				ASSETCATALOG_COMPILER_GLOBAL_ACCENT_COLOR_NAME = AccentColor;
				CODE_SIGN_STYLE = Automatic;
				CURRENT_PROJECT_VERSION = 1;
				DEVELOPMENT_ASSET_PATHS = "\"fitnesstracker/Preview Content\"";
				DEVELOPMENT_TEAM = 8G9AK8JGRL;
				ENABLE_PREVIEWS = YES;
				GENERATE_INFOPLIST_FILE = YES;
				INFOPLIST_KEY_UIApplicationSceneManifest_Generation = YES;
				INFOPLIST_KEY_UIApplicationSupportsIndirectInputEvents = YES;
				INFOPLIST_KEY_UILaunchScreen_Generation = YES;
				INFOPLIST_KEY_UISupportedInterfaceOrientations_iPad = "UIInterfaceOrientationPortrait UIInterfaceOrientationPortraitUpsideDown UIInterfaceOrientationLandscapeLeft UIInterfaceOrientationLandscapeRight";
				INFOPLIST_KEY_UISupportedInterfaceOrientations_iPhone = "UIInterfaceOrientationPortrait UIInterfaceOrientationLandscapeLeft UIInterfaceOrientationLandscapeRight";
				LD_RUNPATH_SEARCH_PATHS = (
					"$(inherited)",
					"@executable_path/Frameworks",
				);
				MARKETING_VERSION = 1.0;
				PRODUCT_BUNDLE_IDENTIFIER = com.mwdev.ios.fitnesstracker;
				PRODUCT_NAME = "$(TARGET_NAME)";
				SWIFT_EMIT_LOC_STRINGS = YES;
				SWIFT_VERSION = 5.0;
				TARGETED_DEVICE_FAMILY = "1,2";
			};
			name = Debug;
		};
		016AC3CB2C8BD19100F42416 /* Release */ = {
			isa = XCBuildConfiguration;
			buildSettings = {
				ASSETCATALOG_COMPILER_APPICON_NAME = AppIcon;
				ASSETCATALOG_COMPILER_GLOBAL_ACCENT_COLOR_NAME = AccentColor;
				CODE_SIGN_STYLE = Automatic;
				CURRENT_PROJECT_VERSION = 1;
				DEVELOPMENT_ASSET_PATHS = "\"fitnesstracker/Preview Content\"";
				DEVELOPMENT_TEAM = 8G9AK8JGRL;
				ENABLE_PREVIEWS = YES;
				GENERATE_INFOPLIST_FILE = YES;
				INFOPLIST_KEY_UIApplicationSceneManifest_Generation = YES;
				INFOPLIST_KEY_UIApplicationSupportsIndirectInputEvents = YES;
				INFOPLIST_KEY_UILaunchScreen_Generation = YES;
				INFOPLIST_KEY_UISupportedInterfaceOrientations_iPad = "UIInterfaceOrientationPortrait UIInterfaceOrientationPortraitUpsideDown UIInterfaceOrientationLandscapeLeft UIInterfaceOrientationLandscapeRight";
				INFOPLIST_KEY_UISupportedInterfaceOrientations_iPhone = "UIInterfaceOrientationPortrait UIInterfaceOrientationLandscapeLeft UIInterfaceOrientationLandscapeRight";
				LD_RUNPATH_SEARCH_PATHS = (
					"$(inherited)",
					"@executable_path/Frameworks",
				);
				MARKETING_VERSION = 1.0;
				PRODUCT_BUNDLE_IDENTIFIER = com.mwdev.ios.fitnesstracker;
				PRODUCT_NAME = "$(TARGET_NAME)";
				SWIFT_EMIT_LOC_STRINGS = YES;
				SWIFT_VERSION = 5.0;
				TARGETED_DEVICE_FAMILY = "1,2";
			};
			name = Release;
		};
		016AC3CD2C8BD19100F42416 /* Debug */ = {
			isa = XCBuildConfiguration;
			buildSettings = {
				ALWAYS_EMBED_SWIFT_STANDARD_LIBRARIES = YES;
				BUNDLE_LOADER = "$(TEST_HOST)";
				CODE_SIGN_STYLE = Automatic;
				CURRENT_PROJECT_VERSION = 1;
				DEVELOPMENT_TEAM = 8G9AK8JGRL;
				GENERATE_INFOPLIST_FILE = YES;
				IPHONEOS_DEPLOYMENT_TARGET = 17.5;
				MARKETING_VERSION = 1.0;
				PRODUCT_BUNDLE_IDENTIFIER = com.mwdev.ios.fitnesstrackerTests;
				PRODUCT_NAME = "$(TARGET_NAME)";
				SWIFT_EMIT_LOC_STRINGS = NO;
				SWIFT_VERSION = 5.0;
				TARGETED_DEVICE_FAMILY = "1,2";
				TEST_HOST = "$(BUILT_PRODUCTS_DIR)/fitnesstracker.app/$(BUNDLE_EXECUTABLE_FOLDER_PATH)/fitnesstracker";
			};
			name = Debug;
		};
		016AC3CE2C8BD19100F42416 /* Release */ = {
			isa = XCBuildConfiguration;
			buildSettings = {
				ALWAYS_EMBED_SWIFT_STANDARD_LIBRARIES = YES;
				BUNDLE_LOADER = "$(TEST_HOST)";
				CODE_SIGN_STYLE = Automatic;
				CURRENT_PROJECT_VERSION = 1;
				DEVELOPMENT_TEAM = 8G9AK8JGRL;
				GENERATE_INFOPLIST_FILE = YES;
				IPHONEOS_DEPLOYMENT_TARGET = 17.5;
				MARKETING_VERSION = 1.0;
				PRODUCT_BUNDLE_IDENTIFIER = com.mwdev.ios.fitnesstrackerTests;
				PRODUCT_NAME = "$(TARGET_NAME)";
				SWIFT_EMIT_LOC_STRINGS = NO;
				SWIFT_VERSION = 5.0;
				TARGETED_DEVICE_FAMILY = "1,2";
				TEST_HOST = "$(BUILT_PRODUCTS_DIR)/fitnesstracker.app/$(BUNDLE_EXECUTABLE_FOLDER_PATH)/fitnesstracker";
			};
			name = Release;
		};
		016AC3D02C8BD19100F42416 /* Debug */ = {
			isa = XCBuildConfiguration;
			buildSettings = {
				ALWAYS_EMBED_SWIFT_STANDARD_LIBRARIES = YES;
				CODE_SIGN_STYLE = Automatic;
				CURRENT_PROJECT_VERSION = 1;
				DEVELOPMENT_TEAM = 8G9AK8JGRL;
				GENERATE_INFOPLIST_FILE = YES;
				MARKETING_VERSION = 1.0;
				PRODUCT_BUNDLE_IDENTIFIER = com.mwdev.ios.fitnesstrackerUITests;
				PRODUCT_NAME = "$(TARGET_NAME)";
				SWIFT_EMIT_LOC_STRINGS = NO;
				SWIFT_VERSION = 5.0;
				TARGETED_DEVICE_FAMILY = "1,2";
				TEST_TARGET_NAME = fitnesstracker;
			};
			name = Debug;
		};
		016AC3D12C8BD19100F42416 /* Release */ = {
			isa = XCBuildConfiguration;
			buildSettings = {
				ALWAYS_EMBED_SWIFT_STANDARD_LIBRARIES = YES;
				CODE_SIGN_STYLE = Automatic;
				CURRENT_PROJECT_VERSION = 1;
				DEVELOPMENT_TEAM = 8G9AK8JGRL;
				GENERATE_INFOPLIST_FILE = YES;
				MARKETING_VERSION = 1.0;
				PRODUCT_BUNDLE_IDENTIFIER = com.mwdev.ios.fitnesstrackerUITests;
				PRODUCT_NAME = "$(TARGET_NAME)";
				SWIFT_EMIT_LOC_STRINGS = NO;
				SWIFT_VERSION = 5.0;
				TARGETED_DEVICE_FAMILY = "1,2";
				TEST_TARGET_NAME = fitnesstracker;
			};
			name = Release;
		};
/* End XCBuildConfiguration section */

/* Begin XCConfigurationList section */
		016AC3A02C8BD18B00F42416 /* Build configuration list for PBXProject "fitnesstracker" */ = {
			isa = XCConfigurationList;
			buildConfigurations = (
				016AC3C72C8BD19100F42416 /* Debug */,
				016AC3C82C8BD19100F42416 /* Release */,
			);
			defaultConfigurationIsVisible = 0;
			defaultConfigurationName = Release;
		};
		016AC3C92C8BD19100F42416 /* Build configuration list for PBXNativeTarget "fitnesstracker" */ = {
			isa = XCConfigurationList;
			buildConfigurations = (
				016AC3CA2C8BD19100F42416 /* Debug */,
				016AC3CB2C8BD19100F42416 /* Release */,
			);
			defaultConfigurationIsVisible = 0;
			defaultConfigurationName = Release;
		};
		016AC3CC2C8BD19100F42416 /* Build configuration list for PBXNativeTarget "fitnesstrackerTests" */ = {
			isa = XCConfigurationList;
			buildConfigurations = (
				016AC3CD2C8BD19100F42416 /* Debug */,
				016AC3CE2C8BD19100F42416 /* Release */,
			);
			defaultConfigurationIsVisible = 0;
			defaultConfigurationName = Release;
		};
		016AC3CF2C8BD19100F42416 /* Build configuration list for PBXNativeTarget "fitnesstrackerUITests" */ = {
			isa = XCConfigurationList;
			buildConfigurations = (
				016AC3D02C8BD19100F42416 /* Debug */,
				016AC3D12C8BD19100F42416 /* Release */,
			);
			defaultConfigurationIsVisible = 0;
			defaultConfigurationName = Release;
		};
/* End XCConfigurationList section */
	};
	rootObject = 016AC39D2C8BD18B00F42416 /* Project object */;
}
